
Microsoft Visual Studio Solution File, Format Version 11.00
# Visual C++ Express 2010
Project("{8BC9CEB8-8B4A-11D0-8D11-00A0C91BC942}") = "alarm", "examples\alarm\alarm.vcxproj", "{10C152FA-E60E-41AF-8D4F-7AD16FE78EED}"
EndProject
Project("{8BC9CEB8-8B4A-11D0-8D11-00A0C91BC942}") = "bitset", "examples\bitset\bitset.vcxproj", "{ADC1781B-11AF-432B-B2A5-5DD0F3AA1B87}"
EndProject
Project("{8BC9CEB8-8B4A-11D0-8D11-00A0C91BC942}") = "CPPOutfile", "examples\FileHandling\CPPOutfile\CPPOutfile.vcxproj", "{5AEA9C38-B646-4E0A-9044-BA47E41C9AFE}"
EndProject
Project("{8BC9CEB8-8B4A-11D0-8D11-00A0C91BC942}") = "CStyleFileHandlingandDetermineFileSize", "examples\FileHandling\CStyleFileHandlingandDetermineFileSize\CStyleFileHandlingandDetermineFileSize.vcxproj", "{0DCA2B45-CD2A-41EB-B71D-6B86CEC17A78}"
EndProject
Project("{8BC9CEB8-8B4A-11D0-8D11-00A0C91BC942}") = "HexPrinting", "examples\HexPrinting\HexPrinting.vcxproj", "{54582A1C-8F6B-490A-B0E0-C9DACD06C7EF}"
EndProject
Project("{8BC9CEB8-8B4A-11D0-8D11-00A0C91BC942}") = "Integration", "examples\Integration\Integration.vcxproj", "{32F25C9C-14BC-4798-ACB0-63EAB0F5B3ED}"
EndProject
Project("{8BC9CEB8-8B4A-11D0-8D11-00A0C91BC942}") = "LALab12", "examples\LALab12\LALab12.vcxproj", "{6E472A7C-593A-436E-A5BB-790072EC9A2F}"
EndProject
Project("{8BC9CEB8-8B4A-11D0-8D11-00A0C91BC942}") = "LinuxVsWindowsThreadTest", "examples\LinuxVsWindowsThreadTest\LinuxVsWindowsThreadTest.vcxproj", "{A3E5EA5C-D50F-4C69-B719-24A33931E803}"
EndProject
Project("{8BC9CEB8-8B4A-11D0-8D11-00A0C91BC942}") = "MallocFree", "examples\MallocFree\MallocFree.vcxproj", "{17D0996E-E741-4726-82D8-1CC17790EF77}"
EndProject
Project("{8BC9CEB8-8B4A-11D0-8D11-00A0C91BC942}") = "ProgramExecutionTime", "examples\ProgramExecutionTime\ProgramExecutionTime.vcxproj", "{5B231603-41EF-4C78-BCBB-581C3EA0BC88}"
EndProject
Project("{8BC9CEB8-8B4A-11D0-8D11-00A0C91BC942}") = "StringStream", "examples\StringStream\StringStream.vcxproj", "{87872FDE-5AEC-4821-B657-20BB76B0B6A2}"
EndProject
Project("{8BC9CEB8-8B4A-11D0-8D11-00A0C91BC942}") = "ArrayShift", "examples\ArrayShift\ArrayShift.vcxproj", "{1A304861-B8F0-4397-A19F-7B966FA1EBA1}"
EndProject
Project("{8BC9CEB8-8B4A-11D0-8D11-00A0C91BC942}") = "VLI", "examples\VLI\VLI.vcxproj", "{FCA3F709-CC32-451D-9F8E-83F46C72E225}"
EndProject
Project("{8BC9CEB8-8B4A-11D0-8D11-00A0C91BC942}") = "Dynamic2DArray", "examples\Dynamic2DArray\Dynamic2DArray.vcxproj", "{ECC693C1-520E-4F2A-831A-85E30F63D7D5}"
EndProject
Project("{8BC9CEB8-8B4A-11D0-8D11-00A0C91BC942}") = "HighPrecisionTimer", "examples\HighPrecisionTimer\HighPrecisionTimer.vcxproj", "{8D663C42-A612-4EAD-B483-9DD9903F8C99}"
EndProject
Project("{8BC9CEB8-8B4A-11D0-8D11-00A0C91BC942}") = "DES", "examples\SymmetricEncryption\DES\DES.vcxproj", "{C940AF57-32C6-43F2-8FB0-C0233EBA1477}"
EndProject
Project("{2150E333-8FDC-42A3-9474-1A3956D46DE8}") = "SymmetricEncryption", "SymmetricEncryption", "{3D54F788-7E68-4906-AEE5-63E42CFD5A45}"
EndProject
Project("{8BC9CEB8-8B4A-11D0-8D11-00A0C91BC942}") = "RC4", "examples\SymmetricEncryption\RC4\RC4.vcxproj", "{49869F3B-5203-4F42-A0C9-39AFD36100A6}"
EndProject
Project("{2150E333-8FDC-42A3-9474-1A3956D46DE8}") = "Hashing", "Hashing", "{89EECE73-20C3-4BB6-89A2-7F20EE422644}"
EndProject
Project("{8BC9CEB8-8B4A-11D0-8D11-00A0C91BC942}") = "MD5", "examples\Hashing\MD5\MD5.vcxproj", "{24EC29B9-73C6-4308-B185-E7E030FBB9BA}"
EndProject
Project("{8BC9CEB8-8B4A-11D0-8D11-00A0C91BC942}") = "SHA", "examples\Hashing\SHA\SHA.vcxproj", "{CA897855-F85B-4761-8CB1-F277A9069062}"
EndProject
Project("{8BC9CEB8-8B4A-11D0-8D11-00A0C91BC942}") = "LZ77", "examples\LZ77\LZ77.vcxproj", "{E2027BC8-34F2-4821-B8E4-40C82F9FF0B8}"
EndProject
Project("{8BC9CEB8-8B4A-11D0-8D11-00A0C91BC942}") = "RadixTree", "examples\RadixTree\RadixTree.vcxproj", "{3AB67608-C90F-4C0C-90F0-64AD59373CCE}"
EndProject
Project("{8BC9CEB8-8B4A-11D0-8D11-00A0C91BC942}") = "HashMap", "examples\HashMap\HashMap.vcxproj", "{E814B15D-6651-4406-9346-B0B85BD90F14}"
EndProject
Project("{8BC9CEB8-8B4A-11D0-8D11-00A0C91BC942}") = "MatrixMultiplication", "examples\MatrixMultiplication\MatrixMultiplication.vcxproj", "{A36D5456-20F3-4A82-9546-F8D51FBA0D5D}"
EndProject
Project("{8BC9CEB8-8B4A-11D0-8D11-00A0C91BC942}") = "MultithreadedMatrixMultiplication", "examples\MultithreadedMatrixMultiplication\MultithreadedMatrixMultiplication.vcxproj", "{9844BDA5-4878-4D92-9AA9-4AA09E70F85E}"
EndProject
Global
	GlobalSection(SolutionConfigurationPlatforms) = preSolution
		Debug|Win32 = Debug|Win32
		Debug|x64 = Debug|x64
		Release|Win32 = Release|Win32
		Release|x64 = Release|x64
	EndGlobalSection
	GlobalSection(ProjectConfigurationPlatforms) = postSolution
		{10C152FA-E60E-41AF-8D4F-7AD16FE78EED}.Debug|Win32.ActiveCfg = Debug|Win32
		{10C152FA-E60E-41AF-8D4F-7AD16FE78EED}.Debug|Win32.Build.0 = Debug|Win32
		{10C152FA-E60E-41AF-8D4F-7AD16FE78EED}.Debug|x64.ActiveCfg = Debug|x64
		{10C152FA-E60E-41AF-8D4F-7AD16FE78EED}.Debug|x64.Build.0 = Debug|x64
		{10C152FA-E60E-41AF-8D4F-7AD16FE78EED}.Release|Win32.ActiveCfg = Release|Win32
		{10C152FA-E60E-41AF-8D4F-7AD16FE78EED}.Release|Win32.Build.0 = Release|Win32
		{10C152FA-E60E-41AF-8D4F-7AD16FE78EED}.Release|x64.ActiveCfg = Release|x64
		{10C152FA-E60E-41AF-8D4F-7AD16FE78EED}.Release|x64.Build.0 = Release|x64
		{ADC1781B-11AF-432B-B2A5-5DD0F3AA1B87}.Debug|Win32.ActiveCfg = Debug|Win32
		{ADC1781B-11AF-432B-B2A5-5DD0F3AA1B87}.Debug|Win32.Build.0 = Debug|Win32
		{ADC1781B-11AF-432B-B2A5-5DD0F3AA1B87}.Debug|x64.ActiveCfg = Debug|x64
		{ADC1781B-11AF-432B-B2A5-5DD0F3AA1B87}.Debug|x64.Build.0 = Debug|x64
		{ADC1781B-11AF-432B-B2A5-5DD0F3AA1B87}.Release|Win32.ActiveCfg = Release|Win32
		{ADC1781B-11AF-432B-B2A5-5DD0F3AA1B87}.Release|Win32.Build.0 = Release|Win32
		{ADC1781B-11AF-432B-B2A5-5DD0F3AA1B87}.Release|x64.ActiveCfg = Release|x64
		{ADC1781B-11AF-432B-B2A5-5DD0F3AA1B87}.Release|x64.Build.0 = Release|x64
		{5AEA9C38-B646-4E0A-9044-BA47E41C9AFE}.Debug|Win32.ActiveCfg = Debug|Win32
		{5AEA9C38-B646-4E0A-9044-BA47E41C9AFE}.Debug|Win32.Build.0 = Debug|Win32
		{5AEA9C38-B646-4E0A-9044-BA47E41C9AFE}.Debug|x64.ActiveCfg = Debug|x64
		{5AEA9C38-B646-4E0A-9044-BA47E41C9AFE}.Debug|x64.Build.0 = Debug|x64
		{5AEA9C38-B646-4E0A-9044-BA47E41C9AFE}.Release|Win32.ActiveCfg = Release|Win32
		{5AEA9C38-B646-4E0A-9044-BA47E41C9AFE}.Release|Win32.Build.0 = Release|Win32
		{5AEA9C38-B646-4E0A-9044-BA47E41C9AFE}.Release|x64.ActiveCfg = Release|x64
		{5AEA9C38-B646-4E0A-9044-BA47E41C9AFE}.Release|x64.Build.0 = Release|x64
		{0DCA2B45-CD2A-41EB-B71D-6B86CEC17A78}.Debug|Win32.ActiveCfg = Debug|Win32
		{0DCA2B45-CD2A-41EB-B71D-6B86CEC17A78}.Debug|Win32.Build.0 = Debug|Win32
		{0DCA2B45-CD2A-41EB-B71D-6B86CEC17A78}.Debug|x64.ActiveCfg = Debug|x64
		{0DCA2B45-CD2A-41EB-B71D-6B86CEC17A78}.Debug|x64.Build.0 = Debug|x64
		{0DCA2B45-CD2A-41EB-B71D-6B86CEC17A78}.Release|Win32.ActiveCfg = Release|Win32
		{0DCA2B45-CD2A-41EB-B71D-6B86CEC17A78}.Release|Win32.Build.0 = Release|Win32
		{0DCA2B45-CD2A-41EB-B71D-6B86CEC17A78}.Release|x64.ActiveCfg = Release|x64
		{0DCA2B45-CD2A-41EB-B71D-6B86CEC17A78}.Release|x64.Build.0 = Release|x64
		{54582A1C-8F6B-490A-B0E0-C9DACD06C7EF}.Debug|Win32.ActiveCfg = Debug|Win32
		{54582A1C-8F6B-490A-B0E0-C9DACD06C7EF}.Debug|Win32.Build.0 = Debug|Win32
		{54582A1C-8F6B-490A-B0E0-C9DACD06C7EF}.Debug|x64.ActiveCfg = Debug|x64
		{54582A1C-8F6B-490A-B0E0-C9DACD06C7EF}.Debug|x64.Build.0 = Debug|x64
		{54582A1C-8F6B-490A-B0E0-C9DACD06C7EF}.Release|Win32.ActiveCfg = Release|Win32
		{54582A1C-8F6B-490A-B0E0-C9DACD06C7EF}.Release|Win32.Build.0 = Release|Win32
		{54582A1C-8F6B-490A-B0E0-C9DACD06C7EF}.Release|x64.ActiveCfg = Release|x64
		{54582A1C-8F6B-490A-B0E0-C9DACD06C7EF}.Release|x64.Build.0 = Release|x64
		{32F25C9C-14BC-4798-ACB0-63EAB0F5B3ED}.Debug|Win32.ActiveCfg = Debug|Win32
		{32F25C9C-14BC-4798-ACB0-63EAB0F5B3ED}.Debug|Win32.Build.0 = Debug|Win32
		{32F25C9C-14BC-4798-ACB0-63EAB0F5B3ED}.Debug|x64.ActiveCfg = Debug|x64
		{32F25C9C-14BC-4798-ACB0-63EAB0F5B3ED}.Debug|x64.Build.0 = Debug|x64
		{32F25C9C-14BC-4798-ACB0-63EAB0F5B3ED}.Release|Win32.ActiveCfg = Release|Win32
		{32F25C9C-14BC-4798-ACB0-63EAB0F5B3ED}.Release|Win32.Build.0 = Release|Win32
		{32F25C9C-14BC-4798-ACB0-63EAB0F5B3ED}.Release|x64.ActiveCfg = Release|x64
		{32F25C9C-14BC-4798-ACB0-63EAB0F5B3ED}.Release|x64.Build.0 = Release|x64
		{6E472A7C-593A-436E-A5BB-790072EC9A2F}.Debug|Win32.ActiveCfg = Debug|Win32
		{6E472A7C-593A-436E-A5BB-790072EC9A2F}.Debug|Win32.Build.0 = Debug|Win32
		{6E472A7C-593A-436E-A5BB-790072EC9A2F}.Debug|x64.ActiveCfg = Debug|x64
		{6E472A7C-593A-436E-A5BB-790072EC9A2F}.Debug|x64.Build.0 = Debug|x64
		{6E472A7C-593A-436E-A5BB-790072EC9A2F}.Release|Win32.ActiveCfg = Release|Win32
		{6E472A7C-593A-436E-A5BB-790072EC9A2F}.Release|Win32.Build.0 = Release|Win32
		{6E472A7C-593A-436E-A5BB-790072EC9A2F}.Release|x64.ActiveCfg = Release|x64
		{6E472A7C-593A-436E-A5BB-790072EC9A2F}.Release|x64.Build.0 = Release|x64
		{A3E5EA5C-D50F-4C69-B719-24A33931E803}.Debug|Win32.ActiveCfg = Debug|Win32
		{A3E5EA5C-D50F-4C69-B719-24A33931E803}.Debug|Win32.Build.0 = Debug|Win32
		{A3E5EA5C-D50F-4C69-B719-24A33931E803}.Debug|x64.ActiveCfg = Debug|x64
		{A3E5EA5C-D50F-4C69-B719-24A33931E803}.Debug|x64.Build.0 = Debug|x64
		{A3E5EA5C-D50F-4C69-B719-24A33931E803}.Release|Win32.ActiveCfg = Release|Win32
		{A3E5EA5C-D50F-4C69-B719-24A33931E803}.Release|Win32.Build.0 = Release|Win32
		{A3E5EA5C-D50F-4C69-B719-24A33931E803}.Release|x64.ActiveCfg = Release|x64
		{A3E5EA5C-D50F-4C69-B719-24A33931E803}.Release|x64.Build.0 = Release|x64
		{17D0996E-E741-4726-82D8-1CC17790EF77}.Debug|Win32.ActiveCfg = Debug|Win32
		{17D0996E-E741-4726-82D8-1CC17790EF77}.Debug|Win32.Build.0 = Debug|Win32
		{17D0996E-E741-4726-82D8-1CC17790EF77}.Debug|x64.ActiveCfg = Debug|x64
		{17D0996E-E741-4726-82D8-1CC17790EF77}.Debug|x64.Build.0 = Debug|x64
		{17D0996E-E741-4726-82D8-1CC17790EF77}.Release|Win32.ActiveCfg = Release|Win32
		{17D0996E-E741-4726-82D8-1CC17790EF77}.Release|Win32.Build.0 = Release|Win32
		{17D0996E-E741-4726-82D8-1CC17790EF77}.Release|x64.ActiveCfg = Release|x64
		{17D0996E-E741-4726-82D8-1CC17790EF77}.Release|x64.Build.0 = Release|x64
		{5B231603-41EF-4C78-BCBB-581C3EA0BC88}.Debug|Win32.ActiveCfg = Debug|Win32
		{5B231603-41EF-4C78-BCBB-581C3EA0BC88}.Debug|Win32.Build.0 = Debug|Win32
		{5B231603-41EF-4C78-BCBB-581C3EA0BC88}.Debug|x64.ActiveCfg = Debug|x64
		{5B231603-41EF-4C78-BCBB-581C3EA0BC88}.Debug|x64.Build.0 = Debug|x64
		{5B231603-41EF-4C78-BCBB-581C3EA0BC88}.Release|Win32.ActiveCfg = Release|Win32
		{5B231603-41EF-4C78-BCBB-581C3EA0BC88}.Release|Win32.Build.0 = Release|Win32
		{5B231603-41EF-4C78-BCBB-581C3EA0BC88}.Release|x64.ActiveCfg = Release|x64
		{5B231603-41EF-4C78-BCBB-581C3EA0BC88}.Release|x64.Build.0 = Release|x64
		{87872FDE-5AEC-4821-B657-20BB76B0B6A2}.Debug|Win32.ActiveCfg = Debug|Win32
		{87872FDE-5AEC-4821-B657-20BB76B0B6A2}.Debug|Win32.Build.0 = Debug|Win32
		{87872FDE-5AEC-4821-B657-20BB76B0B6A2}.Debug|x64.ActiveCfg = Debug|x64
		{87872FDE-5AEC-4821-B657-20BB76B0B6A2}.Debug|x64.Build.0 = Debug|x64
		{87872FDE-5AEC-4821-B657-20BB76B0B6A2}.Release|Win32.ActiveCfg = Release|Win32
		{87872FDE-5AEC-4821-B657-20BB76B0B6A2}.Release|Win32.Build.0 = Release|Win32
		{87872FDE-5AEC-4821-B657-20BB76B0B6A2}.Release|x64.ActiveCfg = Release|x64
		{87872FDE-5AEC-4821-B657-20BB76B0B6A2}.Release|x64.Build.0 = Release|x64
		{1A304861-B8F0-4397-A19F-7B966FA1EBA1}.Debug|Win32.ActiveCfg = Debug|Win32
		{1A304861-B8F0-4397-A19F-7B966FA1EBA1}.Debug|Win32.Build.0 = Debug|Win32
		{1A304861-B8F0-4397-A19F-7B966FA1EBA1}.Debug|x64.ActiveCfg = Debug|x64
		{1A304861-B8F0-4397-A19F-7B966FA1EBA1}.Debug|x64.Build.0 = Debug|x64
		{1A304861-B8F0-4397-A19F-7B966FA1EBA1}.Release|Win32.ActiveCfg = Release|Win32
		{1A304861-B8F0-4397-A19F-7B966FA1EBA1}.Release|Win32.Build.0 = Release|Win32
		{1A304861-B8F0-4397-A19F-7B966FA1EBA1}.Release|x64.ActiveCfg = Release|x64
		{1A304861-B8F0-4397-A19F-7B966FA1EBA1}.Release|x64.Build.0 = Release|x64
		{FCA3F709-CC32-451D-9F8E-83F46C72E225}.Debug|Win32.ActiveCfg = Debug|Win32
		{FCA3F709-CC32-451D-9F8E-83F46C72E225}.Debug|Win32.Build.0 = Debug|Win32
		{FCA3F709-CC32-451D-9F8E-83F46C72E225}.Debug|x64.ActiveCfg = Debug|x64
		{FCA3F709-CC32-451D-9F8E-83F46C72E225}.Debug|x64.Build.0 = Debug|x64
		{FCA3F709-CC32-451D-9F8E-83F46C72E225}.Release|Win32.ActiveCfg = Release|Win32
		{FCA3F709-CC32-451D-9F8E-83F46C72E225}.Release|Win32.Build.0 = Release|Win32
		{FCA3F709-CC32-451D-9F8E-83F46C72E225}.Release|x64.ActiveCfg = Release|x64
		{FCA3F709-CC32-451D-9F8E-83F46C72E225}.Release|x64.Build.0 = Release|x64
		{ECC693C1-520E-4F2A-831A-85E30F63D7D5}.Debug|Win32.ActiveCfg = Debug|Win32
		{ECC693C1-520E-4F2A-831A-85E30F63D7D5}.Debug|Win32.Build.0 = Debug|Win32
		{ECC693C1-520E-4F2A-831A-85E30F63D7D5}.Debug|x64.ActiveCfg = Debug|x64
		{ECC693C1-520E-4F2A-831A-85E30F63D7D5}.Debug|x64.Build.0 = Debug|x64
		{ECC693C1-520E-4F2A-831A-85E30F63D7D5}.Release|Win32.ActiveCfg = Release|Win32
		{ECC693C1-520E-4F2A-831A-85E30F63D7D5}.Release|Win32.Build.0 = Release|Win32
		{ECC693C1-520E-4F2A-831A-85E30F63D7D5}.Release|x64.ActiveCfg = Release|x64
		{ECC693C1-520E-4F2A-831A-85E30F63D7D5}.Release|x64.Build.0 = Release|x64
		{8D663C42-A612-4EAD-B483-9DD9903F8C99}.Debug|Win32.ActiveCfg = Debug|Win32
		{8D663C42-A612-4EAD-B483-9DD9903F8C99}.Debug|Win32.Build.0 = Debug|Win32
		{8D663C42-A612-4EAD-B483-9DD9903F8C99}.Debug|x64.ActiveCfg = Debug|x64
		{8D663C42-A612-4EAD-B483-9DD9903F8C99}.Debug|x64.Build.0 = Debug|x64
		{8D663C42-A612-4EAD-B483-9DD9903F8C99}.Release|Win32.ActiveCfg = Release|Win32
		{8D663C42-A612-4EAD-B483-9DD9903F8C99}.Release|Win32.Build.0 = Release|Win32
		{8D663C42-A612-4EAD-B483-9DD9903F8C99}.Release|x64.ActiveCfg = Release|x64
		{8D663C42-A612-4EAD-B483-9DD9903F8C99}.Release|x64.Build.0 = Release|x64
		{C940AF57-32C6-43F2-8FB0-C0233EBA1477}.Debug|Win32.ActiveCfg = Debug|Win32
		{C940AF57-32C6-43F2-8FB0-C0233EBA1477}.Debug|Win32.Build.0 = Debug|Win32
		{C940AF57-32C6-43F2-8FB0-C0233EBA1477}.Debug|x64.ActiveCfg = Debug|Win32
		{C940AF57-32C6-43F2-8FB0-C0233EBA1477}.Debug|x64.Build.0 = Debug|Win32
		{C940AF57-32C6-43F2-8FB0-C0233EBA1477}.Release|Win32.ActiveCfg = Release|Win32
		{C940AF57-32C6-43F2-8FB0-C0233EBA1477}.Release|Win32.Build.0 = Release|Win32
		{C940AF57-32C6-43F2-8FB0-C0233EBA1477}.Release|x64.ActiveCfg = Release|Win32
		{49869F3B-5203-4F42-A0C9-39AFD36100A6}.Debug|Win32.ActiveCfg = Debug|Win32
		{49869F3B-5203-4F42-A0C9-39AFD36100A6}.Debug|Win32.Build.0 = Debug|Win32
		{49869F3B-5203-4F42-A0C9-39AFD36100A6}.Debug|x64.ActiveCfg = Debug|Win32
		{49869F3B-5203-4F42-A0C9-39AFD36100A6}.Debug|x64.Build.0 = Debug|Win32
		{49869F3B-5203-4F42-A0C9-39AFD36100A6}.Release|Win32.ActiveCfg = Release|Win32
		{49869F3B-5203-4F42-A0C9-39AFD36100A6}.Release|Win32.Build.0 = Release|Win32
		{49869F3B-5203-4F42-A0C9-39AFD36100A6}.Release|x64.ActiveCfg = Release|Win32
		{24EC29B9-73C6-4308-B185-E7E030FBB9BA}.Debug|Win32.ActiveCfg = Debug|Win32
		{24EC29B9-73C6-4308-B185-E7E030FBB9BA}.Debug|Win32.Build.0 = Debug|Win32
		{24EC29B9-73C6-4308-B185-E7E030FBB9BA}.Debug|x64.ActiveCfg = Debug|Win32
		{24EC29B9-73C6-4308-B185-E7E030FBB9BA}.Debug|x64.Build.0 = Debug|Win32
		{24EC29B9-73C6-4308-B185-E7E030FBB9BA}.Release|Win32.ActiveCfg = Release|Win32
		{24EC29B9-73C6-4308-B185-E7E030FBB9BA}.Release|Win32.Build.0 = Release|Win32
		{24EC29B9-73C6-4308-B185-E7E030FBB9BA}.Release|x64.ActiveCfg = Release|Win32
		{CA897855-F85B-4761-8CB1-F277A9069062}.Debug|Win32.ActiveCfg = Debug|Win32
		{CA897855-F85B-4761-8CB1-F277A9069062}.Debug|Win32.Build.0 = Debug|Win32
		{CA897855-F85B-4761-8CB1-F277A9069062}.Debug|x64.ActiveCfg = Debug|Win32
		{CA897855-F85B-4761-8CB1-F277A9069062}.Debug|x64.Build.0 = Debug|Win32
		{CA897855-F85B-4761-8CB1-F277A9069062}.Release|Win32.ActiveCfg = Release|Win32
		{CA897855-F85B-4761-8CB1-F277A9069062}.Release|Win32.Build.0 = Release|Win32
		{CA897855-F85B-4761-8CB1-F277A9069062}.Release|x64.ActiveCfg = Release|Win32
		{E2027BC8-34F2-4821-B8E4-40C82F9FF0B8}.Debug|Win32.ActiveCfg = Debug|Win32
		{E2027BC8-34F2-4821-B8E4-40C82F9FF0B8}.Debug|Win32.Build.0 = Debug|Win32
		{E2027BC8-34F2-4821-B8E4-40C82F9FF0B8}.Debug|x64.ActiveCfg = Debug|x64
		{E2027BC8-34F2-4821-B8E4-40C82F9FF0B8}.Debug|x64.Build.0 = Debug|x64
		{E2027BC8-34F2-4821-B8E4-40C82F9FF0B8}.Release|Win32.ActiveCfg = Release|Win32
		{E2027BC8-34F2-4821-B8E4-40C82F9FF0B8}.Release|Win32.Build.0 = Release|Win32
		{E2027BC8-34F2-4821-B8E4-40C82F9FF0B8}.Release|x64.ActiveCfg = Release|x64
		{E2027BC8-34F2-4821-B8E4-40C82F9FF0B8}.Release|x64.Build.0 = Release|x64
		{3AB67608-C90F-4C0C-90F0-64AD59373CCE}.Debug|Win32.ActiveCfg = Debug|Win32
		{3AB67608-C90F-4C0C-90F0-64AD59373CCE}.Debug|Win32.Build.0 = Debug|Win32
		{3AB67608-C90F-4C0C-90F0-64AD59373CCE}.Debug|x64.ActiveCfg = Debug|Win32
		{3AB67608-C90F-4C0C-90F0-64AD59373CCE}.Release|Win32.ActiveCfg = Release|x64
		{3AB67608-C90F-4C0C-90F0-64AD59373CCE}.Release|Win32.Build.0 = Release|x64
		{3AB67608-C90F-4C0C-90F0-64AD59373CCE}.Release|x64.ActiveCfg = Release|x64
		{3AB67608-C90F-4C0C-90F0-64AD59373CCE}.Release|x64.Build.0 = Release|x64
		{E814B15D-6651-4406-9346-B0B85BD90F14}.Debug|Win32.ActiveCfg = Debug|Win32
		{E814B15D-6651-4406-9346-B0B85BD90F14}.Debug|Win32.Build.0 = Debug|Win32
		{E814B15D-6651-4406-9346-B0B85BD90F14}.Debug|x64.ActiveCfg = Debug|Win32
		{E814B15D-6651-4406-9346-B0B85BD90F14}.Release|Win32.ActiveCfg = Release|Win32
		{E814B15D-6651-4406-9346-B0B85BD90F14}.Release|Win32.Build.0 = Release|Win32
		{E814B15D-6651-4406-9346-B0B85BD90F14}.Release|x64.ActiveCfg = Release|x64
		{E814B15D-6651-4406-9346-B0B85BD90F14}.Release|x64.Build.0 = Release|x64
		{A36D5456-20F3-4A82-9546-F8D51FBA0D5D}.Debug|Win32.ActiveCfg = Debug|Win32
		{A36D5456-20F3-4A82-9546-F8D51FBA0D5D}.Debug|Win32.Build.0 = Debug|Win32
		{A36D5456-20F3-4A82-9546-F8D51FBA0D5D}.Debug|x64.ActiveCfg = Debug|x64
		{A36D5456-20F3-4A82-9546-F8D51FBA0D5D}.Debug|x64.Build.0 = Debug|x64
		{A36D5456-20F3-4A82-9546-F8D51FBA0D5D}.Release|Win32.ActiveCfg = Release|Win32
		{A36D5456-20F3-4A82-9546-F8D51FBA0D5D}.Release|Win32.Build.0 = Release|Win32
		{A36D5456-20F3-4A82-9546-F8D51FBA0D5D}.Release|x64.ActiveCfg = Release|x64
		{A36D5456-20F3-4A82-9546-F8D51FBA0D5D}.Release|x64.Build.0 = Release|x64
		{9844BDA5-4878-4D92-9AA9-4AA09E70F85E}.Debug|Win32.ActiveCfg = Debug|Win32
		{9844BDA5-4878-4D92-9AA9-4AA09E70F85E}.Debug|Win32.Build.0 = Debug|Win32
		{9844BDA5-4878-4D92-9AA9-4AA09E70F85E}.Debug|x64.ActiveCfg = Debug|Win32
		{9844BDA5-4878-4D92-9AA9-4AA09E70F85E}.Release|Win32.ActiveCfg = Release|x64
		{9844BDA5-4878-4D92-9AA9-4AA09E70F85E}.Release|Win32.Build.0 = Release|x64
		{9844BDA5-4878-4D92-9AA9-4AA09E70F85E}.Release|x64.ActiveCfg = Release|x64
		{9844BDA5-4878-4D92-9AA9-4AA09E70F85E}.Release|x64.Build.0 = Release|x64
	EndGlobalSection
	GlobalSection(SolutionProperties) = preSolution
		HideSolutionNode = FALSE
	EndGlobalSection
	GlobalSection(NestedProjects) = preSolution
		{C940AF57-32C6-43F2-8FB0-C0233EBA1477} = {3D54F788-7E68-4906-AEE5-63E42CFD5A45}
		{49869F3B-5203-4F42-A0C9-39AFD36100A6} = {3D54F788-7E68-4906-AEE5-63E42CFD5A45}
		{24EC29B9-73C6-4308-B185-E7E030FBB9BA} = {89EECE73-20C3-4BB6-89A2-7F20EE422644}
		{CA897855-F85B-4761-8CB1-F277A9069062} = {89EECE73-20C3-4BB6-89A2-7F20EE422644}
	EndGlobalSection
EndGlobal
